<?xml version="1.0" encoding="utf-8"?>
<Project ToolsVersion="4.0" xmlns="http://schemas.microsoft.com/developer/msbuild/2003">
  <ItemGroup>
    <Filter Include="Source Files">
      <UniqueIdentifier>{4FC737F1-C7A5-4376-A066-2A32D752A2FF}</UniqueIdentifier>
      <Extensions>cpp;c;cc;cxx;c++;cppm;ixx;def;odl;idl;hpj;bat;asm;asmx</Extensions>
    </Filter>
    <Filter Include="Header Files">
      <UniqueIdentifier>{93995380-89BD-4b04-88EB-625FBE52EBFB}</UniqueIdentifier>
      <Extensions>h;hh;hpp;hxx;h++;hm;inl;inc;ipp;xsd</Extensions>
    </Filter>
    <Filter Include="Resource Files">
      <UniqueIdentifier>{67DA6AB6-F800-4c08-8B7A-83BB121AAD01}</UniqueIdentifier>
      <Extensions>rc;ico;cur;bmp;dlg;rc2;rct;bin;rgs;gif;jpg;jpeg;jpe;resx;tiff;tif;png;wav;mfcribbon-ms</Extensions>
    </Filter>
  </ItemGroup>
  <ItemGroup>
    <ClCompile Include="dllmain.cpp">
      <Filter>Source Files</Filter>
    </ClCompile>
    <ClCompile Include="Cheats.cpp">
      <Filter>Source Files</Filter>
    </ClCompile>
    <ClCompile Include="net\minecraft\client\Minecraft.cpp">
      <Filter>Source Files</Filter>
    </ClCompile>
    <ClCompile Include="net\minecraft\entity\Entity.cpp">
      <Filter>Source Files</Filter>
    </ClCompile>
    <ClCompile Include="net\minecraft\world\World.cpp">
      <Filter>Source Files</Filter>
    </ClCompile>
    <ClCompile Include="modules\sprint\sprint.cpp">
      <Filter>Source Files</Filter>
    </ClCompile>
    <ClCompile Include="modules\velocity\velocity.cpp">
      <Filter>Source Files</Filter>
    </ClCompile>
    <ClCompile Include="modules\clicker\clicker.cpp">
      <Filter>Source Files</Filter>
    </ClCompile>
    <ClCompile Include="net\minecraft\utils\ForgeUtil.cpp">
      <Filter>Source Files</Filter>
    </ClCompile>
    <ClCompile Include="gui.cpp">
      <Filter>Source Files</Filter>
    </ClCompile>
  </ItemGroup>
  <ItemGroup>
    <ClInclude Include="JNI\classfile_constants.h">
      <Filter>Header Files</Filter>
    </ClInclude>
    <ClInclude Include="JNI\jawt.h">
      <Filter>Header Files</Filter>
    </ClInclude>
    <ClInclude Include="JNI\jawt_md.h">
      <Filter>Header Files</Filter>
    </ClInclude>
    <ClInclude Include="JNI\jdwpTransport.h">
      <Filter>Header Files</Filter>
    </ClInclude>
    <ClInclude Include="JNI\jni.h">
      <Filter>Header Files</Filter>
    </ClInclude>
    <ClInclude Include="JNI\jni_md.h">
      <Filter>Header Files</Filter>
    </ClInclude>
    <ClInclude Include="JNI\jvmti.h">
      <Filter>Header Files</Filter>
    </ClInclude>
    <ClInclude Include="JNI\jvmticmlr.h">
      <Filter>Header Files</Filter>
    </ClInclude>
    <ClInclude Include="Java.h">
      <Filter>Header Files</Filter>
    </ClInclude>
    <ClInclude Include="Cheats.h">
      <Filter>Header Files</Filter>
    </ClInclude>
    <ClInclude Include="net\minecraft\client\Minecraft.h">
      <Filter>Header Files</Filter>
    </ClInclude>
    <ClInclude Include="net\minecraft\entity\Entity.h">
      <Filter>Header Files</Filter>
    </ClInclude>
    <ClInclude Include="net\minecraft\world\World.h">
      <Filter>Header Files</Filter>
    </ClInclude>
    <ClInclude Include="modules\sprint\sprint.h">
      <Filter>Header Files</Filter>
    </ClInclude>
    <ClInclude Include="modules\velocity\velocity.h">
      <Filter>Header Files</Filter>
    </ClInclude>
    <ClInclude Include="modules\clicker\clicker.h">
      <Filter>Header Files</Filter>
    </ClInclude>
    <ClInclude Include="net\minecraft\utils\ForgeUtil.h">
      <Filter>Header Files</Filter>
    </ClInclude>
    <ClInclude Include="gui.h">
      <Filter>Header Files</Filter>
    </ClInclude>
  </ItemGroup>
</Project>